<?xml version="1.0" encoding="utf-8"?>
<Project ToolsVersion="4.0" xmlns="http://schemas.microsoft.com/developer/msbuild/2003">
  <ItemGroup>
    <Filter Include="Файлы исходного кода">
      <UniqueIdentifier>{4FC737F1-C7A5-4376-A066-2A32D752A2FF}</UniqueIdentifier>
      <Extensions>cpp;c;cc;cxx;def;odl;idl;hpj;bat;asm;asmx</Extensions>
    </Filter>
    <Filter Include="Заголовочные файлы">
      <UniqueIdentifier>{93995380-89BD-4b04-88EB-625FBE52EBFB}</UniqueIdentifier>
      <Extensions>h;hpp;hxx;hm;inl;inc;xsd</Extensions>
    </Filter>
    <Filter Include="Файлы ресурсов">
      <UniqueIdentifier>{67DA6AB6-F800-4c08-8B7A-83BB121AAD01}</UniqueIdentifier>
      <Extensions>rc;ico;cur;bmp;dlg;rc2;rct;bin;rgs;gif;jpg;jpeg;jpe;resx;tiff;tif;png;wav;mfcribbon-ms</Extensions>
    </Filter>
    <Filter Include="Файлы исходного кода\program1">
      <UniqueIdentifier>{44affbe3-7f37-47f9-a31d-8d94b1e42b28}</UniqueIdentifier>
    </Filter>
    <Filter Include="Файлы исходного кода\program2">
      <UniqueIdentifier>{d47b3731-112d-4be8-8c16-50e557d4e07a}</UniqueIdentifier>
    </Filter>
    <Filter Include="Файлы исходного кода\program3">
      <UniqueIdentifier>{ef5c984e-8892-4253-aae6-18c41f4e284c}</UniqueIdentifier>
    </Filter>
  </ItemGroup>
  <ItemGroup>
    <Text Include="ReadMe.txt" />
  </ItemGroup>
  <ItemGroup>
    <ClInclude Include="stdafx.h">
      <Filter>Заголовочные файлы</Filter>
    </ClInclude>
    <ClInclude Include="targetver.h">
      <Filter>Заголовочные файлы</Filter>
    </ClInclude>
    <ClInclude Include="utils.h">
      <Filter>Файлы исходного кода</Filter>
    </ClInclude>
  </ItemGroup>
  <ItemGroup>
    <ClCompile Include="stdafx.cpp">
      <Filter>Файлы исходного кода</Filter>
    </ClCompile>
    <ClCompile Include="Synthetic.cpp">
      <Filter>Файлы исходного кода</Filter>
    </ClCompile>
    <ClCompile Include="dof-1.cpp">
      <Filter>Файлы исходного кода</Filter>
    </ClCompile>
    <ClCompile Include="utils.cpp">
      <Filter>Файлы исходного кода</Filter>
    </ClCompile>
  </ItemGroup>
  <ItemGroup>
    <None Include="blur.fsh">
      <Filter>Файлы исходного кода</Filter>
    </None>
    <None Include="blur.vsh">
      <Filter>Файлы исходного кода</Filter>
    </None>
    <None Include="dof1-p1.fsh">
      <Filter>Файлы исходного кода\program1</Filter>
    </None>
    <None Include="dof1-p1.vsh">
      <Filter>Файлы исходного кода\program1</Filter>
    </None>
    <None Include="dof1-p2.fsh">
      <Filter>Файлы исходного кода\program2</Filter>
    </None>
    <None Include="dof1-p2.vsh">
      <Filter>Файлы исходного кода\program2</Filter>
    </None>
    <None Include="dof1-p3.fsh">
      <Filter>Файлы исходного кода\program3</Filter>
    </None>
    <None Include="dof1-p3.vsh">
      <Filter>Файлы исходного кода\program3</Filter>
    </None>
  </ItemGroup>
</Project>